
Microsoft Visual Studio Solution File, Format Version 12.00
# Visual Studio Version 16
VisualStudioVersion = 16.0.29911.84
MinimumVisualStudioVersion = 10.0.40219.1
Project("{F184B08F-C81C-45F6-A57F-5ABD9991F28F}") = "lm", "lm\lm.vbproj", "{C37B1324-D4F1-4B95-A64C-F8399A0A6817}"
EndProject
Global
	GlobalSection(SolutionConfigurationPlatforms) = preSolution
		Debug|Any CPU = Debug|Any CPU
		Release|Any CPU = Release|Any CPU
	EndGlobalSection
	GlobalSection(ProjectConfigurationPlatforms) = postSolution
		{C37B1324-D4F1-4B95-A64C-F8399A0A6817}.Debug|Any CPU.ActiveCfg = Debug|Any CPU
		{C37B1324-D4F1-4B95-A64C-F8399A0A6817}.Debug|Any CPU.Build.0 = Debug|Any CPU
		{C37B1324-D4F1-4B95-A64C-F8399A0A6817}.Release|Any CPU.ActiveCfg = Release|Any CPU
		{C37B1324-D4F1-4B95-A64C-F8399A0A6817}.Release|Any CPU.Build.0 = Release|Any CPU
	EndGlobalSection
	GlobalSection(SolutionProperties) = preSolution
		HideSolutionNode = FALSE
	EndGlobalSection
	GlobalSection(ExtensibilityGlobals) = postSolution
		SolutionGuid = {365451C7-A73A-4CFF-B1E3-8F45CB3168C1}
	EndGlobalSection
EndGlobal
